
Microsoft Visual Studio Solution File, Format Version 12.00
# Visual Studio Version 17
VisualStudioVersion = 17.0.31903.59
MinimumVisualStudioVersion = 10.0.40219.1
Project("{2150E333-8FDC-42A3-9474-1A3956D46DE8}") = "src", "src", "{DCE2866E-5FE7-49B0-BD73-7DDC229EABCA}"
EndProject
Project("{2150E333-8FDC-42A3-9474-1A3956D46DE8}") = "ProjectService", "ProjectService", "{20808E81-96DD-40F6-AD8E-1F80086F01EE}"
EndProject
Project("{FAE04EC0-301F-11D3-BF4B-00C04F79EFBC}") = "ProjectService.Domain", "src\ProjectService\ProjectService.Domain\ProjectService.Domain.csproj", "{85A0E844-462A-445C-B211-94DDC1622461}"
EndProject
Project("{FAE04EC0-301F-11D3-BF4B-00C04F79EFBC}") = "ProjectService.Application", "src\ProjectService\ProjectService.Application\ProjectService.Application.csproj", "{FBF56571-143D-4CE3-989D-6306644BA467}"
EndProject
Project("{FAE04EC0-301F-11D3-BF4B-00C04F79EFBC}") = "ProjectService.Infrastructure", "src\ProjectService\ProjectService.Infrastructure\ProjectService.Infrastructure.csproj", "{0799DB8A-5A85-4592-8767-694BBF7E862D}"
EndProject
Project("{FAE04EC0-301F-11D3-BF4B-00C04F79EFBC}") = "ProjectService.Contracts", "src\ProjectService\ProjectService.Contracts\ProjectService.Contracts.csproj", "{FF71C03D-0330-4E6B-8EC5-E67DBE30E3B6}"
EndProject
Project("{FAE04EC0-301F-11D3-BF4B-00C04F79EFBC}") = "ProjectService.Api", "src\ProjectService\ProjectService.Api\ProjectService.Api.csproj", "{07350D8E-EA6B-4455-9C56-8E57A73AADFB}"
EndProject
Project("{2150E333-8FDC-42A3-9474-1A3956D46DE8}") = "tests", "tests", "{1ECA9B55-BB8E-4F2A-82C8-C5BEE2D6C536}"
EndProject
Project("{2150E333-8FDC-42A3-9474-1A3956D46DE8}") = "UnitTests", "UnitTests", "{87EB1F8D-8A7B-432B-BEEF-D298FDA84979}"
EndProject
Project("{FAE04EC0-301F-11D3-BF4B-00C04F79EFBC}") = "ProjectService.Application.UnitTest", "tests\UnitTests\ProjectService.Application.UnitTest\ProjectService.Application.UnitTest.csproj", "{3865C793-8727-403D-840A-9D7576BBA823}"
EndProject
Project("{FAE04EC0-301F-11D3-BF4B-00C04F79EFBC}") = "ProjectService.Domain.UnitTest", "tests\UnitTests\ProjectService.Domain.UnitTest\ProjectService.Domain.UnitTest.csproj", "{0122D813-6E27-432D-B57B-425F34E08455}"
EndProject
Global
	GlobalSection(SolutionConfigurationPlatforms) = preSolution
		Debug|Any CPU = Debug|Any CPU
		Release|Any CPU = Release|Any CPU
	EndGlobalSection
	GlobalSection(SolutionProperties) = preSolution
		HideSolutionNode = FALSE
	EndGlobalSection
	GlobalSection(ProjectConfigurationPlatforms) = postSolution
		{85A0E844-462A-445C-B211-94DDC1622461}.Debug|Any CPU.ActiveCfg = Debug|Any CPU
		{85A0E844-462A-445C-B211-94DDC1622461}.Debug|Any CPU.Build.0 = Debug|Any CPU
		{85A0E844-462A-445C-B211-94DDC1622461}.Release|Any CPU.ActiveCfg = Release|Any CPU
		{85A0E844-462A-445C-B211-94DDC1622461}.Release|Any CPU.Build.0 = Release|Any CPU
		{FBF56571-143D-4CE3-989D-6306644BA467}.Debug|Any CPU.ActiveCfg = Debug|Any CPU
		{FBF56571-143D-4CE3-989D-6306644BA467}.Debug|Any CPU.Build.0 = Debug|Any CPU
		{FBF56571-143D-4CE3-989D-6306644BA467}.Release|Any CPU.ActiveCfg = Release|Any CPU
		{FBF56571-143D-4CE3-989D-6306644BA467}.Release|Any CPU.Build.0 = Release|Any CPU
		{0799DB8A-5A85-4592-8767-694BBF7E862D}.Debug|Any CPU.ActiveCfg = Debug|Any CPU
		{0799DB8A-5A85-4592-8767-694BBF7E862D}.Debug|Any CPU.Build.0 = Debug|Any CPU
		{0799DB8A-5A85-4592-8767-694BBF7E862D}.Release|Any CPU.ActiveCfg = Release|Any CPU
		{0799DB8A-5A85-4592-8767-694BBF7E862D}.Release|Any CPU.Build.0 = Release|Any CPU
		{FF71C03D-0330-4E6B-8EC5-E67DBE30E3B6}.Debug|Any CPU.ActiveCfg = Debug|Any CPU
		{FF71C03D-0330-4E6B-8EC5-E67DBE30E3B6}.Debug|Any CPU.Build.0 = Debug|Any CPU
		{FF71C03D-0330-4E6B-8EC5-E67DBE30E3B6}.Release|Any CPU.ActiveCfg = Release|Any CPU
		{FF71C03D-0330-4E6B-8EC5-E67DBE30E3B6}.Release|Any CPU.Build.0 = Release|Any CPU
		{07350D8E-EA6B-4455-9C56-8E57A73AADFB}.Debug|Any CPU.ActiveCfg = Debug|Any CPU
		{07350D8E-EA6B-4455-9C56-8E57A73AADFB}.Debug|Any CPU.Build.0 = Debug|Any CPU
		{07350D8E-EA6B-4455-9C56-8E57A73AADFB}.Release|Any CPU.ActiveCfg = Release|Any CPU
		{07350D8E-EA6B-4455-9C56-8E57A73AADFB}.Release|Any CPU.Build.0 = Release|Any CPU
		{3865C793-8727-403D-840A-9D7576BBA823}.Debug|Any CPU.ActiveCfg = Debug|Any CPU
		{3865C793-8727-403D-840A-9D7576BBA823}.Debug|Any CPU.Build.0 = Debug|Any CPU
		{3865C793-8727-403D-840A-9D7576BBA823}.Release|Any CPU.ActiveCfg = Release|Any CPU
		{3865C793-8727-403D-840A-9D7576BBA823}.Release|Any CPU.Build.0 = Release|Any CPU
		{0122D813-6E27-432D-B57B-425F34E08455}.Debug|Any CPU.ActiveCfg = Debug|Any CPU
		{0122D813-6E27-432D-B57B-425F34E08455}.Debug|Any CPU.Build.0 = Debug|Any CPU
		{0122D813-6E27-432D-B57B-425F34E08455}.Release|Any CPU.ActiveCfg = Release|Any CPU
		{0122D813-6E27-432D-B57B-425F34E08455}.Release|Any CPU.Build.0 = Release|Any CPU
	EndGlobalSection
	GlobalSection(NestedProjects) = preSolution
		{20808E81-96DD-40F6-AD8E-1F80086F01EE} = {DCE2866E-5FE7-49B0-BD73-7DDC229EABCA}
		{85A0E844-462A-445C-B211-94DDC1622461} = {20808E81-96DD-40F6-AD8E-1F80086F01EE}
		{FBF56571-143D-4CE3-989D-6306644BA467} = {20808E81-96DD-40F6-AD8E-1F80086F01EE}
		{0799DB8A-5A85-4592-8767-694BBF7E862D} = {20808E81-96DD-40F6-AD8E-1F80086F01EE}
		{FF71C03D-0330-4E6B-8EC5-E67DBE30E3B6} = {20808E81-96DD-40F6-AD8E-1F80086F01EE}
		{07350D8E-EA6B-4455-9C56-8E57A73AADFB} = {20808E81-96DD-40F6-AD8E-1F80086F01EE}
		{87EB1F8D-8A7B-432B-BEEF-D298FDA84979} = {1ECA9B55-BB8E-4F2A-82C8-C5BEE2D6C536}
		{3865C793-8727-403D-840A-9D7576BBA823} = {87EB1F8D-8A7B-432B-BEEF-D298FDA84979}
		{0122D813-6E27-432D-B57B-425F34E08455} = {87EB1F8D-8A7B-432B-BEEF-D298FDA84979}
	EndGlobalSection
EndGlobal
